// !$*UTF8*$!
{
	archiveVersion = 1;
	classes = {
	};
	objectVersion = 77;
	objects = {

/* Begin PBXContainerItemProxy section */
		EC1BDC742CCB2ABA00D15D51 /* PBXContainerItemProxy */ = {
			isa = PBXContainerItemProxy;
			containerPortal = EC1BDC5B2CCB2AB900D15D51 /* Project object */;
			proxyType = 1;
			remoteGlobalIDString = EC1BDC622CCB2AB900D15D51;
			remoteInfo = "jacomi-ios";
		};
		EC1BDC7E2CCB2ABA00D15D51 /* PBXContainerItemProxy */ = {
			isa = PBXContainerItemProxy;
			containerPortal = EC1BDC5B2CCB2AB900D15D51 /* Project object */;
			proxyType = 1;
			remoteGlobalIDString = EC1BDC622CCB2AB900D15D51;
			remoteInfo = "jacomi-ios";
		};
/* End PBXContainerItemProxy section */

/* Begin PBXFileReference section */
		EC1BDC632CCB2AB900D15D51 /* jacomi-ios.app */ = {isa = PBXFileReference; explicitFileType = wrapper.application; includeInIndex = 0; path = "jacomi-ios.app"; sourceTree = BUILT_PRODUCTS_DIR; };
		EC1BDC732CCB2ABA00D15D51 /* jacomi-iosTests.xctest */ = {isa = PBXFileReference; explicitFileType = wrapper.cfbundle; includeInIndex = 0; path = "jacomi-iosTests.xctest"; sourceTree = BUILT_PRODUCTS_DIR; };
		EC1BDC7D2CCB2ABA00D15D51 /* jacomi-iosUITests.xctest */ = {isa = PBXFileReference; explicitFileType = wrapper.cfbundle; includeInIndex = 0; path = "jacomi-iosUITests.xctest"; sourceTree = BUILT_PRODUCTS_DIR; };
/* End PBXFileReference section */

/* Begin PBXFileSystemSynchronizedRootGroup section */
		EC1BDC652CCB2AB900D15D51 /* jacomi-ios */ = {
			isa = PBXFileSystemSynchronizedRootGroup;
			path = "jacomi-ios";
			sourceTree = "<group>";
		};
		EC1BDC762CCB2ABA00D15D51 /* jacomi-iosTests */ = {
			isa = PBXFileSystemSynchronizedRootGroup;
			path = "jacomi-iosTests";
			sourceTree = "<group>";
		};
		EC1BDC802CCB2ABA00D15D51 /* jacomi-iosUITests */ = {
			isa = PBXFileSystemSynchronizedRootGroup;
			path = "jacomi-iosUITests";
			sourceTree = "<group>";
		};
/* End PBXFileSystemSynchronizedRootGroup section */

/* Begin PBXFrameworksBuildPhase section */
		EC1BDC602CCB2AB900D15D51 /* Frameworks */ = {
			isa = PBXFrameworksBuildPhase;
			buildActionMask = 2147483647;
			files = (
			);
			runOnlyForDeploymentPostprocessing = 0;
		};
		EC1BDC702CCB2ABA00D15D51 /* Frameworks */ = {
			isa = PBXFrameworksBuildPhase;
			buildActionMask = 2147483647;
			files = (
			);
			runOnlyForDeploymentPostprocessing = 0;
		};
		EC1BDC7A2CCB2ABA00D15D51 /* Frameworks */ = {
			isa = PBXFrameworksBuildPhase;
			buildActionMask = 2147483647;
			files = (
			);
			runOnlyForDeploymentPostprocessing = 0;
		};
/* End PBXFrameworksBuildPhase section */

/* Begin PBXGroup section */
		EC1BDC5A2CCB2AB900D15D51 = {
			isa = PBXGroup;
			children = (
				EC1BDC652CCB2AB900D15D51 /* jacomi-ios */,
				EC1BDC762CCB2ABA00D15D51 /* jacomi-iosTests */,
				EC1BDC802CCB2ABA00D15D51 /* jacomi-iosUITests */,
				EC1BDC642CCB2AB900D15D51 /* Products */,
			);
			sourceTree = "<group>";
		};
		EC1BDC642CCB2AB900D15D51 /* Products */ = {
			isa = PBXGroup;
			children = (
				EC1BDC632CCB2AB900D15D51 /* jacomi-ios.app */,
				EC1BDC732CCB2ABA00D15D51 /* jacomi-iosTests.xctest */,
				EC1BDC7D2CCB2ABA00D15D51 /* jacomi-iosUITests.xctest */,
			);
			name = Products;
			sourceTree = "<group>";
		};
/* End PBXGroup section */

/* Begin PBXNativeTarget section */
		EC1BDC622CCB2AB900D15D51 /* jacomi-ios */ = {
			isa = PBXNativeTarget;
			buildConfigurationList = EC1BDC872CCB2ABA00D15D51 /* Build configuration list for PBXNativeTarget "jacomi-ios" */;
			buildPhases = (
				EC1BDC5F2CCB2AB900D15D51 /* Sources */,
				EC1BDC602CCB2AB900D15D51 /* Frameworks */,
				EC1BDC612CCB2AB900D15D51 /* Resources */,
			);
			buildRules = (
			);
			dependencies = (
			);
			fileSystemSynchronizedGroups = (
				EC1BDC652CCB2AB900D15D51 /* jacomi-ios */,
			);
			name = "jacomi-ios";
			packageProductDependencies = (
			);
			productName = "jacomi-ios";
			productReference = EC1BDC632CCB2AB900D15D51 /* jacomi-ios.app */;
			productType = "com.apple.product-type.application";
		};
		EC1BDC722CCB2ABA00D15D51 /* jacomi-iosTests */ = {
			isa = PBXNativeTarget;
			buildConfigurationList = EC1BDC8A2CCB2ABA00D15D51 /* Build configuration list for PBXNativeTarget "jacomi-iosTests" */;
			buildPhases = (
				EC1BDC6F2CCB2ABA00D15D51 /* Sources */,
				EC1BDC702CCB2ABA00D15D51 /* Frameworks */,
				EC1BDC712CCB2ABA00D15D51 /* Resources */,
			);
			buildRules = (
			);
			dependencies = (
				EC1BDC752CCB2ABA00D15D51 /* PBXTargetDependency */,
			);
			fileSystemSynchronizedGroups = (
				EC1BDC762CCB2ABA00D15D51 /* jacomi-iosTests */,
			);
			name = "jacomi-iosTests";
			packageProductDependencies = (
			);
			productName = "jacomi-iosTests";
			productReference = EC1BDC732CCB2ABA00D15D51 /* jacomi-iosTests.xctest */;
			productType = "com.apple.product-type.bundle.unit-test";
		};
		EC1BDC7C2CCB2ABA00D15D51 /* jacomi-iosUITests */ = {
			isa = PBXNativeTarget;
			buildConfigurationList = EC1BDC8D2CCB2ABA00D15D51 /* Build configuration list for PBXNativeTarget "jacomi-iosUITests" */;
			buildPhases = (
				EC1BDC792CCB2ABA00D15D51 /* Sources */,
				EC1BDC7A2CCB2ABA00D15D51 /* Frameworks */,
				EC1BDC7B2CCB2ABA00D15D51 /* Resources */,
			);
			buildRules = (
			);
			dependencies = (
				EC1BDC7F2CCB2ABA00D15D51 /* PBXTargetDependency */,
			);
			fileSystemSynchronizedGroups = (
				EC1BDC802CCB2ABA00D15D51 /* jacomi-iosUITests */,
			);
			name = "jacomi-iosUITests";
			packageProductDependencies = (
			);
			productName = "jacomi-iosUITests";
			productReference = EC1BDC7D2CCB2ABA00D15D51 /* jacomi-iosUITests.xctest */;
			productType = "com.apple.product-type.bundle.ui-testing";
		};
/* End PBXNativeTarget section */

/* Begin PBXProject section */
		EC1BDC5B2CCB2AB900D15D51 /* Project object */ = {
			isa = PBXProject;
			attributes = {
				BuildIndependentTargetsInParallel = 1;
				LastSwiftUpdateCheck = 1600;
				LastUpgradeCheck = 1600;
				TargetAttributes = {
					EC1BDC622CCB2AB900D15D51 = {
						CreatedOnToolsVersion = 16.0;
					};
					EC1BDC722CCB2ABA00D15D51 = {
						CreatedOnToolsVersion = 16.0;
						TestTargetID = EC1BDC622CCB2AB900D15D51;
					};
					EC1BDC7C2CCB2ABA00D15D51 = {
						CreatedOnToolsVersion = 16.0;
						TestTargetID = EC1BDC622CCB2AB900D15D51;
					};
				};
			};
			buildConfigurationList = EC1BDC5E2CCB2AB900D15D51 /* Build configuration list for PBXProject "jacomi-ios" */;
			developmentRegion = en;
			hasScannedForEncodings = 0;
			knownRegions = (
				en,
				Base,
			);
			mainGroup = EC1BDC5A2CCB2AB900D15D51;
			minimizedProjectReferenceProxies = 1;
			preferredProjectObjectVersion = 77;
			productRefGroup = EC1BDC642CCB2AB900D15D51 /* Products */;
			projectDirPath = "";
			projectRoot = "";
			targets = (
				EC1BDC622CCB2AB900D15D51 /* jacomi-ios */,
				EC1BDC722CCB2ABA00D15D51 /* jacomi-iosTests */,
				EC1BDC7C2CCB2ABA00D15D51 /* jacomi-iosUITests */,
			);
		};
/* End PBXProject section */

/* Begin PBXResourcesBuildPhase section */
		EC1BDC612CCB2AB900D15D51 /* Resources */ = {
			isa = PBXResourcesBuildPhase;
			buildActionMask = 2147483647;
			files = (
			);
			runOnlyForDeploymentPostprocessing = 0;
		};
		EC1BDC712CCB2ABA00D15D51 /* Resources */ = {
			isa = PBXResourcesBuildPhase;
			buildActionMask = 2147483647;
			files = (
			);
			runOnlyForDeploymentPostprocessing = 0;
		};
		EC1BDC7B2CCB2ABA00D15D51 /* Resources */ = {
			isa = PBXResourcesBuildPhase;
			buildActionMask = 2147483647;
			files = (
			);
			runOnlyForDeploymentPostprocessing = 0;
		};
/* End PBXResourcesBuildPhase section */

/* Begin PBXSourcesBuildPhase section */
		EC1BDC5F2CCB2AB900D15D51 /* Sources */ = {
			isa = PBXSourcesBuildPhase;
			buildActionMask = 2147483647;
			files = (
			);
			runOnlyForDeploymentPostprocessing = 0;
		};
		EC1BDC6F2CCB2ABA00D15D51 /* Sources */ = {
			isa = PBXSourcesBuildPhase;
			buildActionMask = 2147483647;
			files = (
			);
			runOnlyForDeploymentPostprocessing = 0;
		};
		EC1BDC792CCB2ABA00D15D51 /* Sources */ = {
			isa = PBXSourcesBuildPhase;
			buildActionMask = 2147483647;
			files = (
			);
			runOnlyForDeploymentPostprocessing = 0;
		};
/* End PBXSourcesBuildPhase section */

/* Begin PBXTargetDependency section */
		EC1BDC752CCB2ABA00D15D51 /* PBXTargetDependency */ = {
			isa = PBXTargetDependency;
			target = EC1BDC622CCB2AB900D15D51 /* jacomi-ios */;
			targetProxy = EC1BDC742CCB2ABA00D15D51 /* PBXContainerItemProxy */;
		};
		EC1BDC7F2CCB2ABA00D15D51 /* PBXTargetDependency */ = {
			isa = PBXTargetDependency;
			target = EC1BDC622CCB2AB900D15D51 /* jacomi-ios */;
			targetProxy = EC1BDC7E2CCB2ABA00D15D51 /* PBXContainerItemProxy */;
		};
/* End PBXTargetDependency section */

/* Begin XCBuildConfiguration section */
		EC1BDC852CCB2ABA00D15D51 /* Debug */ = {
			isa = XCBuildConfiguration;
			buildSettings = {
				ALWAYS_SEARCH_USER_PATHS = NO;
				ASSETCATALOG_COMPILER_GENERATE_SWIFT_ASSET_SYMBOL_EXTENSIONS = YES;
				CLANG_ANALYZER_NONNULL = YES;
				CLANG_ANALYZER_NUMBER_OBJECT_CONVERSION = YES_AGGRESSIVE;
				CLANG_CXX_LANGUAGE_STANDARD = "gnu++20";
				CLANG_ENABLE_MODULES = YES;
				CLANG_ENABLE_OBJC_ARC = YES;
				CLANG_ENABLE_OBJC_WEAK = YES;
				CLANG_WARN_BLOCK_CAPTURE_AUTORELEASING = YES;
				CLANG_WARN_BOOL_CONVERSION = YES;
				CLANG_WARN_COMMA = YES;
				CLANG_WARN_CONSTANT_CONVERSION = YES;
				CLANG_WARN_DEPRECATED_OBJC_IMPLEMENTATIONS = YES;
				CLANG_WARN_DIRECT_OBJC_ISA_USAGE = YES_ERROR;
				CLANG_WARN_DOCUMENTATION_COMMENTS = YES;
				CLANG_WARN_EMPTY_BODY = YES;
				CLANG_WARN_ENUM_CONVERSION = YES;
				CLANG_WARN_INFINITE_RECURSION = YES;
				CLANG_WARN_INT_CONVERSION = YES;
				CLANG_WARN_NON_LITERAL_NULL_CONVERSION = YES;
				CLANG_WARN_OBJC_IMPLICIT_RETAIN_SELF = YES;
				CLANG_WARN_OBJC_LITERAL_CONVERSION = YES;
				CLANG_WARN_OBJC_ROOT_CLASS = YES_ERROR;
				CLANG_WARN_QUOTED_INCLUDE_IN_FRAMEWORK_HEADER = YES;
				CLANG_WARN_RANGE_LOOP_ANALYSIS = YES;
				CLANG_WARN_STRICT_PROTOTYPES = YES;
				CLANG_WARN_SUSPICIOUS_MOVE = YES;
				CLANG_WARN_UNGUARDED_AVAILABILITY = YES_AGGRESSIVE;
				CLANG_WARN_UNREACHABLE_CODE = YES;
				CLANG_WARN__DUPLICATE_METHOD_MATCH = YES;
				COPY_PHASE_STRIP = NO;
				DEBUG_INFORMATION_FORMAT = dwarf;
				ENABLE_STRICT_OBJC_MSGSEND = YES;
				ENABLE_TESTABILITY = YES;
				ENABLE_USER_SCRIPT_SANDBOXING = YES;
				GCC_C_LANGUAGE_STANDARD = gnu17;
				GCC_DYNAMIC_NO_PIC = NO;
				GCC_NO_COMMON_BLOCKS = YES;
				GCC_OPTIMIZATION_LEVEL = 0;
				GCC_PREPROCESSOR_DEFINITIONS = (
					"DEBUG=1",
					"$(inherited)",
				);
				GCC_WARN_64_TO_32_BIT_CONVERSION = YES;
				GCC_WARN_ABOUT_RETURN_TYPE = YES_ERROR;
				GCC_WARN_UNDECLARED_SELECTOR = YES;
				GCC_WARN_UNINITIALIZED_AUTOS = YES_AGGRESSIVE;
				GCC_WARN_UNUSED_FUNCTION = YES;
				GCC_WARN_UNUSED_VARIABLE = YES;
				IPHONEOS_DEPLOYMENT_TARGET = 18.0;
				LOCALIZATION_PREFERS_STRING_CATALOGS = YES;
				MTL_ENABLE_DEBUG_INFO = INCLUDE_SOURCE;
				MTL_FAST_MATH = YES;
				ONLY_ACTIVE_ARCH = YES;
				SDKROOT = iphoneos;
				SWIFT_ACTIVE_COMPILATION_CONDITIONS = "DEBUG $(inherited)";
				SWIFT_OPTIMIZATION_LEVEL = "-Onone";
			};
			name = Debug;
		};
		EC1BDC862CCB2ABA00D15D51 /* Release */ = {
			isa = XCBuildConfiguration;
			buildSettings = {
				ALWAYS_SEARCH_USER_PATHS = NO;
				ASSETCATALOG_COMPILER_GENERATE_SWIFT_ASSET_SYMBOL_EXTENSIONS = YES;
				CLANG_ANALYZER_NONNULL = YES;
				CLANG_ANALYZER_NUMBER_OBJECT_CONVERSION = YES_AGGRESSIVE;
				CLANG_CXX_LANGUAGE_STANDARD = "gnu++20";
				CLANG_ENABLE_MODULES = YES;
				CLANG_ENABLE_OBJC_ARC = YES;
				CLANG_ENABLE_OBJC_WEAK = YES;
				CLANG_WARN_BLOCK_CAPTURE_AUTORELEASING = YES;
				CLANG_WARN_BOOL_CONVERSION = YES;
				CLANG_WARN_COMMA = YES;
				CLANG_WARN_CONSTANT_CONVERSION = YES;
				CLANG_WARN_DEPRECATED_OBJC_IMPLEMENTATIONS = YES;
				CLANG_WARN_DIRECT_OBJC_ISA_USAGE = YES_ERROR;
				CLANG_WARN_DOCUMENTATION_COMMENTS = YES;
				CLANG_WARN_EMPTY_BODY = YES;
				CLANG_WARN_ENUM_CONVERSION = YES;
				CLANG_WARN_INFINITE_RECURSION = YES;
				CLANG_WARN_INT_CONVERSION = YES;
				CLANG_WARN_NON_LITERAL_NULL_CONVERSION = YES;
				CLANG_WARN_OBJC_IMPLICIT_RETAIN_SELF = YES;
				CLANG_WARN_OBJC_LITERAL_CONVERSION = YES;
				CLANG_WARN_OBJC_ROOT_CLASS = YES_ERROR;
				CLANG_WARN_QUOTED_INCLUDE_IN_FRAMEWORK_HEADER = YES;
				CLANG_WARN_RANGE_LOOP_ANALYSIS = YES;
				CLANG_WARN_STRICT_PROTOTYPES = YES;
				CLANG_WARN_SUSPICIOUS_MOVE = YES;
				CLANG_WARN_UNGUARDED_AVAILABILITY = YES_AGGRESSIVE;
				CLANG_WARN_UNREACHABLE_CODE = YES;
				CLANG_WARN__DUPLICATE_METHOD_MATCH = YES;
				COPY_PHASE_STRIP = NO;
				DEBUG_INFORMATION_FORMAT = "dwarf-with-dsym";
				ENABLE_NS_ASSERTIONS = NO;
				ENABLE_STRICT_OBJC_MSGSEND = YES;
				ENABLE_USER_SCRIPT_SANDBOXING = YES;
				GCC_C_LANGUAGE_STANDARD = gnu17;
				GCC_NO_COMMON_BLOCKS = YES;
				GCC_WARN_64_TO_32_BIT_CONVERSION = YES;
				GCC_WARN_ABOUT_RETURN_TYPE = YES_ERROR;
				GCC_WARN_UNDECLARED_SELECTOR = YES;
				GCC_WARN_UNINITIALIZED_AUTOS = YES_AGGRESSIVE;
				GCC_WARN_UNUSED_FUNCTION = YES;
				GCC_WARN_UNUSED_VARIABLE = YES;
				IPHONEOS_DEPLOYMENT_TARGET = 18.0;
				LOCALIZATION_PREFERS_STRING_CATALOGS = YES;
				MTL_ENABLE_DEBUG_INFO = NO;
				MTL_FAST_MATH = YES;
				SDKROOT = iphoneos;
				SWIFT_COMPILATION_MODE = wholemodule;
				VALIDATE_PRODUCT = YES;
			};
			name = Release;
		};
		EC1BDC882CCB2ABA00D15D51 /* Debug */ = {
			isa = XCBuildConfiguration;
			buildSettings = {
				ASSETCATALOG_COMPILER_APPICON_NAME = AppIcon;
				ASSETCATALOG_COMPILER_GLOBAL_ACCENT_COLOR_NAME = AccentColor;
				CODE_SIGN_STYLE = Automatic;
				CURRENT_PROJECT_VERSION = 1;
				DEVELOPMENT_ASSET_PATHS = "\"jacomi-ios/Preview Content\"";
				DEVELOPMENT_TEAM = 5XNN7BLCMG;
				ENABLE_PREVIEWS = YES;
				GENERATE_INFOPLIST_FILE = YES;
				INFOPLIST_KEY_UIApplicationSceneManifest_Generation = YES;
				INFOPLIST_KEY_UIApplicationSupportsIndirectInputEvents = YES;
				INFOPLIST_KEY_UILaunchScreen_Generation = YES;
				INFOPLIST_KEY_UISupportedInterfaceOrientations_iPad = "UIInterfaceOrientationPortrait UIInterfaceOrientationPortraitUpsideDown UIInterfaceOrientationLandscapeLeft UIInterfaceOrientationLandscapeRight";
				INFOPLIST_KEY_UISupportedInterfaceOrientations_iPhone = "UIInterfaceOrientationPortrait UIInterfaceOrientationLandscapeLeft UIInterfaceOrientationLandscapeRight";
				LD_RUNPATH_SEARCH_PATHS = (
					"$(inherited)",
					"@executable_path/Frameworks",
				);
				MARKETING_VERSION = 1.0;
				PRODUCT_BUNDLE_IDENTIFIER = "com.pedrofveloso.jacomi-ios";
				PRODUCT_NAME = "$(TARGET_NAME)";
				SWIFT_EMIT_LOC_STRINGS = YES;
				SWIFT_VERSION = 5.0;
				TARGETED_DEVICE_FAMILY = "1,2";
			};
			name = Debug;
		};
		EC1BDC892CCB2ABA00D15D51 /* Release */ = {
			isa = XCBuildConfiguration;
			buildSettings = {
				ASSETCATALOG_COMPILER_APPICON_NAME = AppIcon;
				ASSETCATALOG_COMPILER_GLOBAL_ACCENT_COLOR_NAME = AccentColor;
				CODE_SIGN_STYLE = Automatic;
				CURRENT_PROJECT_VERSION = 1;
				DEVELOPMENT_ASSET_PATHS = "\"jacomi-ios/Preview Content\"";
				DEVELOPMENT_TEAM = 5XNN7BLCMG;
				ENABLE_PREVIEWS = YES;
				GENERATE_INFOPLIST_FILE = YES;
				INFOPLIST_KEY_UIApplicationSceneManifest_Generation = YES;
				INFOPLIST_KEY_UIApplicationSupportsIndirectInputEvents = YES;
				INFOPLIST_KEY_UILaunchScreen_Generation = YES;
				INFOPLIST_KEY_UISupportedInterfaceOrientations_iPad = "UIInterfaceOrientationPortrait UIInterfaceOrientationPortraitUpsideDown UIInterfaceOrientationLandscapeLeft UIInterfaceOrientationLandscapeRight";
				INFOPLIST_KEY_UISupportedInterfaceOrientations_iPhone = "UIInterfaceOrientationPortrait UIInterfaceOrientationLandscapeLeft UIInterfaceOrientationLandscapeRight";
				LD_RUNPATH_SEARCH_PATHS = (
					"$(inherited)",
					"@executable_path/Frameworks",
				);
				MARKETING_VERSION = 1.0;
				PRODUCT_BUNDLE_IDENTIFIER = "com.pedrofveloso.jacomi-ios";
				PRODUCT_NAME = "$(TARGET_NAME)";
				SWIFT_EMIT_LOC_STRINGS = YES;
				SWIFT_VERSION = 5.0;
				TARGETED_DEVICE_FAMILY = "1,2";
			};
			name = Release;
		};
		EC1BDC8B2CCB2ABA00D15D51 /* Debug */ = {
			isa = XCBuildConfiguration;
			buildSettings = {
				BUNDLE_LOADER = "$(TEST_HOST)";
				CODE_SIGN_STYLE = Automatic;
				CURRENT_PROJECT_VERSION = 1;
				DEVELOPMENT_TEAM = 5XNN7BLCMG;
				GENERATE_INFOPLIST_FILE = YES;
				IPHONEOS_DEPLOYMENT_TARGET = 18.0;
				MARKETING_VERSION = 1.0;
				PRODUCT_BUNDLE_IDENTIFIER = "com.pedrofveloso.jacomi-iosTests";
				PRODUCT_NAME = "$(TARGET_NAME)";
				SWIFT_EMIT_LOC_STRINGS = NO;
				SWIFT_VERSION = 5.0;
				TARGETED_DEVICE_FAMILY = "1,2";
				TEST_HOST = "$(BUILT_PRODUCTS_DIR)/jacomi-ios.app/$(BUNDLE_EXECUTABLE_FOLDER_PATH)/jacomi-ios";
			};
			name = Debug;
		};
		EC1BDC8C2CCB2ABA00D15D51 /* Release */ = {
			isa = XCBuildConfiguration;
			buildSettings = {
				BUNDLE_LOADER = "$(TEST_HOST)";
				CODE_SIGN_STYLE = Automatic;
				CURRENT_PROJECT_VERSION = 1;
				DEVELOPMENT_TEAM = 5XNN7BLCMG;
				GENERATE_INFOPLIST_FILE = YES;
				IPHONEOS_DEPLOYMENT_TARGET = 18.0;
				MARKETING_VERSION = 1.0;
				PRODUCT_BUNDLE_IDENTIFIER = "com.pedrofveloso.jacomi-iosTests";
				PRODUCT_NAME = "$(TARGET_NAME)";
				SWIFT_EMIT_LOC_STRINGS = NO;
				SWIFT_VERSION = 5.0;
				TARGETED_DEVICE_FAMILY = "1,2";
				TEST_HOST = "$(BUILT_PRODUCTS_DIR)/jacomi-ios.app/$(BUNDLE_EXECUTABLE_FOLDER_PATH)/jacomi-ios";
			};
			name = Release;
		};
		EC1BDC8E2CCB2ABA00D15D51 /* Debug */ = {
			isa = XCBuildConfiguration;
			buildSettings = {
				CODE_SIGN_STYLE = Automatic;
				CURRENT_PROJECT_VERSION = 1;
				DEVELOPMENT_TEAM = 5XNN7BLCMG;
				GENERATE_INFOPLIST_FILE = YES;
				MARKETING_VERSION = 1.0;
				PRODUCT_BUNDLE_IDENTIFIER = "com.pedrofveloso.jacomi-iosUITests";
				PRODUCT_NAME = "$(TARGET_NAME)";
				SWIFT_EMIT_LOC_STRINGS = NO;
				SWIFT_VERSION = 5.0;
				TARGETED_DEVICE_FAMILY = "1,2";
				TEST_TARGET_NAME = "jacomi-ios";
			};
			name = Debug;
		};
		EC1BDC8F2CCB2ABA00D15D51 /* Release */ = {
			isa = XCBuildConfiguration;
			buildSettings = {
				CODE_SIGN_STYLE = Automatic;
				CURRENT_PROJECT_VERSION = 1;
				DEVELOPMENT_TEAM = 5XNN7BLCMG;
				GENERATE_INFOPLIST_FILE = YES;
				MARKETING_VERSION = 1.0;
				PRODUCT_BUNDLE_IDENTIFIER = "com.pedrofveloso.jacomi-iosUITests";
				PRODUCT_NAME = "$(TARGET_NAME)";
				SWIFT_EMIT_LOC_STRINGS = NO;
				SWIFT_VERSION = 5.0;
				TARGETED_DEVICE_FAMILY = "1,2";
				TEST_TARGET_NAME = "jacomi-ios";
			};
			name = Release;
		};
/* End XCBuildConfiguration section */

/* Begin XCConfigurationList section */
		EC1BDC5E2CCB2AB900D15D51 /* Build configuration list for PBXProject "jacomi-ios" */ = {
			isa = XCConfigurationList;
			buildConfigurations = (
				EC1BDC852CCB2ABA00D15D51 /* Debug */,
				EC1BDC862CCB2ABA00D15D51 /* Release */,
			);
			defaultConfigurationIsVisible = 0;
			defaultConfigurationName = Release;
		};
		EC1BDC872CCB2ABA00D15D51 /* Build configuration list for PBXNativeTarget "jacomi-ios" */ = {
			isa = XCConfigurationList;
			buildConfigurations = (
				EC1BDC882CCB2ABA00D15D51 /* Debug */,
				EC1BDC892CCB2ABA00D15D51 /* Release */,
			);
			defaultConfigurationIsVisible = 0;
			defaultConfigurationName = Release;
		};
		EC1BDC8A2CCB2ABA00D15D51 /* Build configuration list for PBXNativeTarget "jacomi-iosTests" */ = {
			isa = XCConfigurationList;
			buildConfigurations = (
				EC1BDC8B2CCB2ABA00D15D51 /* Debug */,
				EC1BDC8C2CCB2ABA00D15D51 /* Release */,
			);
			defaultConfigurationIsVisible = 0;
			defaultConfigurationName = Release;
		};
		EC1BDC8D2CCB2ABA00D15D51 /* Build configuration list for PBXNativeTarget "jacomi-iosUITests" */ = {
			isa = XCConfigurationList;
			buildConfigurations = (
				EC1BDC8E2CCB2ABA00D15D51 /* Debug */,
				EC1BDC8F2CCB2ABA00D15D51 /* Release */,
			);
			defaultConfigurationIsVisible = 0;
			defaultConfigurationName = Release;
		};
/* End XCConfigurationList section */
	};
	rootObject = EC1BDC5B2CCB2AB900D15D51 /* Project object */;
}
